
Microsoft Visual Studio Solution File, Format Version 12.00
# Visual Studio Version 17
VisualStudioVersion = 17.14.36414.22 d17.14
MinimumVisualStudioVersion = 10.0.40219.1
Project("{8BC9CEB8-8B4A-11D0-8D11-00A0C91BC942}") = "ConsoleApp1", "ConsoleApp1\ConsoleApp1.vcxproj", "{693F8514-CE19-4E00-892A-E3D1B3E477FA}"
EndProject
Global
	GlobalSection(SolutionConfigurationPlatforms) = preSolution
		Debug|x64 = Debug|x64
		Debug|x86 = Debug|x86
		Release|x64 = Release|x64
		Release|x86 = Release|x86
	EndGlobalSection
	GlobalSection(ProjectConfigurationPlatforms) = postSolution
		{693F8514-CE19-4E00-892A-E3D1B3E477FA}.Debug|x64.ActiveCfg = Debug|x64
		{693F8514-CE19-4E00-892A-E3D1B3E477FA}.Debug|x64.Build.0 = Debug|x64
		{693F8514-CE19-4E00-892A-E3D1B3E477FA}.Debug|x86.ActiveCfg = Debug|Win32
		{693F8514-CE19-4E00-892A-E3D1B3E477FA}.Debug|x86.Build.0 = Debug|Win32
		{693F8514-CE19-4E00-892A-E3D1B3E477FA}.Release|x64.ActiveCfg = Release|x64
		{693F8514-CE19-4E00-892A-E3D1B3E477FA}.Release|x64.Build.0 = Release|x64
		{693F8514-CE19-4E00-892A-E3D1B3E477FA}.Release|x86.ActiveCfg = Release|Win32
		{693F8514-CE19-4E00-892A-E3D1B3E477FA}.Release|x86.Build.0 = Release|Win32
	EndGlobalSection
	GlobalSection(SolutionProperties) = preSolution
		HideSolutionNode = FALSE
	EndGlobalSection
	GlobalSection(ExtensibilityGlobals) = postSolution
		SolutionGuid = {1FB8964F-B6DC-4B6A-8FD6-BD0D04162575}
	EndGlobalSection
EndGlobal
